hash: 1a60845ff8827a1a6807f5668b9d328c205d36a970a8c792d87fa71f8d33a452
updated: 2017-06-23T13:49:25.045541368+09:00
imports:
- name: github.com/c9s/inflect
  version: 006c50878f3f13ce1ea1301c513b03edd985e8f2
- name: github.com/go-openapi/swag
  version: f3f9494671f93fcff853e3c6e9e948b3eb71e590
- name: github.com/mailru/easyjson
  version: 0eb186976b9a20e56d9a1369f9c5095b78f30ca8
  subpackages:
  - jlexer
  - jwriter
  - buffer
- name: gopkg.in/yaml.v2
  version: cd8b52f8269e0feb286dfeef29f8fe4d5b397e0b
devImports: []
